
Microsoft Visual Studio Solution File, Format Version 12.00
# Visual Studio 14
VisualStudioVersion = 14.0.23107.0
MinimumVisualStudioVersion = 10.0.40219.1
Project("{2150E333-8FDC-42A3-9474-1A3956D46DE8}") = "DomainInterface", "DomainInterface", "{99C26A06-5DD5-4918-AA26-70809D156FFF}"
EndProject
Project("{2150E333-8FDC-42A3-9474-1A3956D46DE8}") = "InfrastructureData", "InfrastructureData", "{B5FE0DBF-4AE8-4F6E-9FF4-75EB65B40470}"
EndProject
Project("{2150E333-8FDC-42A3-9474-1A3956D46DE8}") = "Web", "Web", "{26FC92D9-7ADE-4ED0-B0EB-F680F5722E60}"
EndProject
Project("{FAE04EC0-301F-11D3-BF4B-00C04F79EFBC}") = "DomainInterface", "DomainInterface\DomainInterface.csproj", "{C76D038A-0A66-451F-AC35-A706D217B1B1}"
EndProject
Project("{FAE04EC0-301F-11D3-BF4B-00C04F79EFBC}") = "Infrastructure", "Infrastructure\Infrastructure.csproj", "{3689FDB7-E3A5-4399-94B4-125296CC49E9}"
EndProject
Project("{FAE04EC0-301F-11D3-BF4B-00C04F79EFBC}") = "SchoolManagementSystem", "SchoolManagementSystem\SchoolManagementSystem.csproj", "{0343A58B-9B96-4AB0-98FA-A26D0B8C4E8B}"
EndProject
Project("{2150E333-8FDC-42A3-9474-1A3956D46DE8}") = "DomainEntities", "DomainEntities", "{CBB7F67D-6E9B-4E72-B6B2-63A2BD102546}"
EndProject
Project("{FAE04EC0-301F-11D3-BF4B-00C04F79EFBC}") = "DomainEntities", "DomainEntities\DomainEntities.csproj", "{121B8E42-440F-467E-9DAB-8B9AD6DC0CC9}"
EndProject
Global
	GlobalSection(SolutionConfigurationPlatforms) = preSolution
		Debug|Any CPU = Debug|Any CPU
		Release|Any CPU = Release|Any CPU
	EndGlobalSection
	GlobalSection(ProjectConfigurationPlatforms) = postSolution
		{C76D038A-0A66-451F-AC35-A706D217B1B1}.Debug|Any CPU.ActiveCfg = Debug|Any CPU
		{C76D038A-0A66-451F-AC35-A706D217B1B1}.Debug|Any CPU.Build.0 = Debug|Any CPU
		{C76D038A-0A66-451F-AC35-A706D217B1B1}.Release|Any CPU.ActiveCfg = Release|Any CPU
		{C76D038A-0A66-451F-AC35-A706D217B1B1}.Release|Any CPU.Build.0 = Release|Any CPU
		{3689FDB7-E3A5-4399-94B4-125296CC49E9}.Debug|Any CPU.ActiveCfg = Debug|Any CPU
		{3689FDB7-E3A5-4399-94B4-125296CC49E9}.Debug|Any CPU.Build.0 = Debug|Any CPU
		{3689FDB7-E3A5-4399-94B4-125296CC49E9}.Release|Any CPU.ActiveCfg = Release|Any CPU
		{3689FDB7-E3A5-4399-94B4-125296CC49E9}.Release|Any CPU.Build.0 = Release|Any CPU
		{0343A58B-9B96-4AB0-98FA-A26D0B8C4E8B}.Debug|Any CPU.ActiveCfg = Debug|Any CPU
		{0343A58B-9B96-4AB0-98FA-A26D0B8C4E8B}.Debug|Any CPU.Build.0 = Debug|Any CPU
		{0343A58B-9B96-4AB0-98FA-A26D0B8C4E8B}.Release|Any CPU.ActiveCfg = Release|Any CPU
		{0343A58B-9B96-4AB0-98FA-A26D0B8C4E8B}.Release|Any CPU.Build.0 = Release|Any CPU
		{121B8E42-440F-467E-9DAB-8B9AD6DC0CC9}.Debug|Any CPU.ActiveCfg = Debug|Any CPU
		{121B8E42-440F-467E-9DAB-8B9AD6DC0CC9}.Debug|Any CPU.Build.0 = Debug|Any CPU
		{121B8E42-440F-467E-9DAB-8B9AD6DC0CC9}.Release|Any CPU.ActiveCfg = Release|Any CPU
		{121B8E42-440F-467E-9DAB-8B9AD6DC0CC9}.Release|Any CPU.Build.0 = Release|Any CPU
	EndGlobalSection
	GlobalSection(SolutionProperties) = preSolution
		HideSolutionNode = FALSE
	EndGlobalSection
	GlobalSection(NestedProjects) = preSolution
		{C76D038A-0A66-451F-AC35-A706D217B1B1} = {99C26A06-5DD5-4918-AA26-70809D156FFF}
		{3689FDB7-E3A5-4399-94B4-125296CC49E9} = {B5FE0DBF-4AE8-4F6E-9FF4-75EB65B40470}
		{0343A58B-9B96-4AB0-98FA-A26D0B8C4E8B} = {26FC92D9-7ADE-4ED0-B0EB-F680F5722E60}
		{121B8E42-440F-467E-9DAB-8B9AD6DC0CC9} = {CBB7F67D-6E9B-4E72-B6B2-63A2BD102546}
	EndGlobalSection
EndGlobal
